Microsoft Visual Studio Solution File, Format Version 12.00
# Visual Studio Version 17
VisualStudioVersion = 17.0.31903.59
MinimumVisualStudioVersion = 10.0.40219.1
Project("{2150E333-8FDC-42A3-9474-1A3956D46DE8}") = "src", "src", "{827E0CD3-B72D-47B6-A68D-7590B98EB39B}"
EndProject
Project("{FAE04EC0-301F-11D3-BF4B-00C04F79EFBC}") = "HelpDisk.Domain", "src\HelpDisk.Domain\HelpDisk.Domain.csproj", "{3D70EEF3-A67B-429A-A6FE-6B4331406910}"
EndProject
Project("{FAE04EC0-301F-11D3-BF4B-00C04F79EFBC}") = "HelpDisk.Application", "src\HelpDisk.Application\HelpDisk.Application.csproj", "{0D74E0AC-E746-45C9-9754-44DC11245FD1}"
EndProject
Project("{FAE04EC0-301F-11D3-BF4B-00C04F79EFBC}") = "HelpDisk.Infrastructure", "src\HelpDisk.Infrastructure\HelpDisk.Infrastructure.csproj", "{65983B0C-D522-48C6-B4CA-A2EFEBB93EE8}"
EndProject
Project("{FAE04EC0-301F-11D3-BF4B-00C04F79EFBC}") = "HelpDisk.API", "src\HelpDisk.API\HelpDisk.API.csproj", "{CFB4AC2B-033E-49EF-A2A4-39576F991F1D}"
EndProject
Global
	GlobalSection(SolutionConfigurationPlatforms) = preSolution
		Debug|Any CPU = Debug|Any CPU
		Debug|x64 = Debug|x64
		Debug|x86 = Debug|x86
		Release|Any CPU = Release|Any CPU
		Release|x64 = Release|x64
		Release|x86 = Release|x86
	EndGlobalSection
	GlobalSection(ProjectConfigurationPlatforms) = postSolution
		{3D70EEF3-A67B-429A-A6FE-6B4331406910}.Debug|Any CPU.ActiveCfg = Debug|Any CPU
		{3D70EEF3-A67B-429A-A6FE-6B4331406910}.Debug|Any CPU.Build.0 = Debug|Any CPU
		{3D70EEF3-A67B-429A-A6FE-6B4331406910}.Debug|x64.ActiveCfg = Debug|Any CPU
		{3D70EEF3-A67B-429A-A6FE-6B4331406910}.Debug|x64.Build.0 = Debug|Any CPU
		{3D70EEF3-A67B-429A-A6FE-6B4331406910}.Debug|x86.ActiveCfg = Debug|Any CPU
		{3D70EEF3-A67B-429A-A6FE-6B4331406910}.Debug|x86.Build.0 = Debug|Any CPU
		{3D70EEF3-A67B-429A-A6FE-6B4331406910}.Release|Any CPU.ActiveCfg = Release|Any CPU
		{3D70EEF3-A67B-429A-A6FE-6B4331406910}.Release|Any CPU.Build.0 = Release|Any CPU
		{3D70EEF3-A67B-429A-A6FE-6B4331406910}.Release|x64.ActiveCfg = Release|Any CPU
		{3D70EEF3-A67B-429A-A6FE-6B4331406910}.Release|x64.Build.0 = Release|Any CPU
		{3D70EEF3-A67B-429A-A6FE-6B4331406910}.Release|x86.ActiveCfg = Release|Any CPU
		{3D70EEF3-A67B-429A-A6FE-6B4331406910}.Release|x86.Build.0 = Release|Any CPU
		{0D74E0AC-E746-45C9-9754-44DC11245FD1}.Debug|Any CPU.ActiveCfg = Debug|Any CPU
		{0D74E0AC-E746-45C9-9754-44DC11245FD1}.Debug|Any CPU.Build.0 = Debug|Any CPU
		{0D74E0AC-E746-45C9-9754-44DC11245FD1}.Debug|x64.ActiveCfg = Debug|Any CPU
		{0D74E0AC-E746-45C9-9754-44DC11245FD1}.Debug|x64.Build.0 = Debug|Any CPU
		{0D74E0AC-E746-45C9-9754-44DC11245FD1}.Debug|x86.ActiveCfg = Debug|Any CPU
		{0D74E0AC-E746-45C9-9754-44DC11245FD1}.Debug|x86.Build.0 = Debug|Any CPU
		{0D74E0AC-E746-45C9-9754-44DC11245FD1}.Release|Any CPU.ActiveCfg = Release|Any CPU
		{0D74E0AC-E746-45C9-9754-44DC11245FD1}.Release|Any CPU.Build.0 = Release|Any CPU
		{0D74E0AC-E746-45C9-9754-44DC11245FD1}.Release|x64.ActiveCfg = Release|Any CPU
		{0D74E0AC-E746-45C9-9754-44DC11245FD1}.Release|x64.Build.0 = Release|Any CPU
		{0D74E0AC-E746-45C9-9754-44DC11245FD1}.Release|x86.ActiveCfg = Release|Any CPU
		{0D74E0AC-E746-45C9-9754-44DC11245FD1}.Release|x86.Build.0 = Release|Any CPU
		{65983B0C-D522-48C6-B4CA-A2EFEBB93EE8}.Debug|Any CPU.ActiveCfg = Debug|Any CPU
		{65983B0C-D522-48C6-B4CA-A2EFEBB93EE8}.Debug|Any CPU.Build.0 = Debug|Any CPU
		{65983B0C-D522-48C6-B4CA-A2EFEBB93EE8}.Debug|x64.ActiveCfg = Debug|Any CPU
		{65983B0C-D522-48C6-B4CA-A2EFEBB93EE8}.Debug|x64.Build.0 = Debug|Any CPU
		{65983B0C-D522-48C6-B4CA-A2EFEBB93EE8}.Debug|x86.ActiveCfg = Debug|Any CPU
		{65983B0C-D522-48C6-B4CA-A2EFEBB93EE8}.Debug|x86.Build.0 = Debug|Any CPU
		{65983B0C-D522-48C6-B4CA-A2EFEBB93EE8}.Release|Any CPU.ActiveCfg = Release|Any CPU
		{65983B0C-D522-48C6-B4CA-A2EFEBB93EE8}.Release|Any CPU.Build.0 = Release|Any CPU
		{65983B0C-D522-48C6-B4CA-A2EFEBB93EE8}.Release|x64.ActiveCfg = Release|Any CPU
		{65983B0C-D522-48C6-B4CA-A2EFEBB93EE8}.Release|x64.Build.0 = Release|Any CPU
		{65983B0C-D522-48C6-B4CA-A2EFEBB93EE8}.Release|x86.ActiveCfg = Release|Any CPU
		{65983B0C-D522-48C6-B4CA-A2EFEBB93EE8}.Release|x86.Build.0 = Release|Any CPU
		{CFB4AC2B-033E-49EF-A2A4-39576F991F1D}.Debug|Any CPU.ActiveCfg = Debug|Any CPU
		{CFB4AC2B-033E-49EF-A2A4-39576F991F1D}.Debug|Any CPU.Build.0 = Debug|Any CPU
		{CFB4AC2B-033E-49EF-A2A4-39576F991F1D}.Debug|x64.ActiveCfg = Debug|Any CPU
		{CFB4AC2B-033E-49EF-A2A4-39576F991F1D}.Debug|x64.Build.0 = Debug|Any CPU
		{CFB4AC2B-033E-49EF-A2A4-39576F991F1D}.Debug|x86.ActiveCfg = Debug|Any CPU
		{CFB4AC2B-033E-49EF-A2A4-39576F991F1D}.Debug|x86.Build.0 = Debug|Any CPU
		{CFB4AC2B-033E-49EF-A2A4-39576F991F1D}.Release|Any CPU.ActiveCfg = Release|Any CPU
		{CFB4AC2B-033E-49EF-A2A4-39576F991F1D}.Release|Any CPU.Build.0 = Release|Any CPU
		{CFB4AC2B-033E-49EF-A2A4-39576F991F1D}.Release|x64.ActiveCfg = Release|Any CPU
		{CFB4AC2B-033E-49EF-A2A4-39576F991F1D}.Release|x64.Build.0 = Release|Any CPU
		{CFB4AC2B-033E-49EF-A2A4-39576F991F1D}.Release|x86.ActiveCfg = Release|Any CPU
		{CFB4AC2B-033E-49EF-A2A4-39576F991F1D}.Release|x86.Build.0 = Release|Any CPU
	EndGlobalSection
	GlobalSection(SolutionProperties) = preSolution
		HideSolutionNode = FALSE
	EndGlobalSection
	GlobalSection(NestedProjects) = preSolution
		{3D70EEF3-A67B-429A-A6FE-6B4331406910} = {827E0CD3-B72D-47B6-A68D-7590B98EB39B}
		{0D74E0AC-E746-45C9-9754-44DC11245FD1} = {827E0CD3-B72D-47B6-A68D-7590B98EB39B}
		{65983B0C-D522-48C6-B4CA-A2EFEBB93EE8} = {827E0CD3-B72D-47B6-A68D-7590B98EB39B}
		{CFB4AC2B-033E-49EF-A2A4-39576F991F1D} = {827E0CD3-B72D-47B6-A68D-7590B98EB39B}
	EndGlobalSection
EndGlobal
